{
  "nodes": {
    "android": {
      "inputs": {
        "devshell": "devshell",
        "flake-utils": "flake-utils",
        "nixpkgs": [
          "nixpkgs"
        ]
      },
      "locked": {
        "lastModified": 1757103649,
        "narHash": "sha256-06HGnXt2Fru2lEg7xVDg2atQDTr5AdAbXKMc3xXs2+A=",
        "owner": "tadfisher",
        "repo": "android-nixpkgs",
        "rev": "e3ff1ba2ad6ca15cf49597ed53cae4b5d290a527",
        "type": "github"
      },
      "original": {
        "owner": "tadfisher",
        "ref": "stable",
        "repo": "android-nixpkgs",
        "type": "github"
      }
    },
    "devshell": {
      "inputs": {
        "nixpkgs": [
          "android",
          "nixpkgs"
        ]
      },
      "locked": {
        "lastModified": 1741473158,
        "narHash": "sha256-kWNaq6wQUbUMlPgw8Y+9/9wP0F8SHkjy24/mN3UAppg=",
        "owner": "numtide",
        "repo": "devshell",
        "rev": "7c9e793ebe66bcba8292989a68c0419b737a22a0",
        "type": "github"
      },
      "original": {
        "owner": "numtide",
        "repo": "devshell",
        "type": "github"
      }
    },
    "flake-utils": {
      "inputs": {
        "systems": "systems"
      },
      "locked": {
        "lastModified": 1731533236,
        "narHash": "sha256-l0KFg5HjrsfsO/JpG+r7fRrqm12kzFHyUHqHCVpMMbI=",
        "owner": "numtide",
        "repo": "flake-utils",
        "rev": "11707dc2f618dd54ca8739b309ec4fc024de578b",
        "type": "github"
      },
      "original": {
        "owner": "numtide",
        "repo": "flake-utils",
        "type": "github"
      }
    },
    "flake-utils_2": {
      "inputs": {
        "systems": "systems_2"
      },
      "locked": {
        "lastModified": 1731533236,
        "narHash": "sha256-l0KFg5HjrsfsO/JpG+r7fRrqm12kzFHyUHqHCVpMMbI=",
        "owner": "numtide",
        "repo": "flake-utils",
        "rev": "11707dc2f618dd54ca8739b309ec4fc024de578b",
        "type": "github"
      },
      "original": {
        "owner": "numtide",
        "repo": "flake-utils",
        "type": "github"
      }
    },
    "flake-utils_3": {
      "inputs": {
        "systems": "systems_3"
      },
      "locked": {
        "lastModified": 1731533236,
        "narHash": "sha256-l0KFg5HjrsfsO/JpG+r7fRrqm12kzFHyUHqHCVpMMbI=",
        "owner": "numtide",
        "repo": "flake-utils",
        "rev": "11707dc2f618dd54ca8739b309ec4fc024de578b",
        "type": "github"
      },
      "original": {
        "owner": "numtide",
        "repo": "flake-utils",
        "type": "github"
      }
    },
    "gradle2nix": {
      "inputs": {
        "flake-utils": "flake-utils_3",
        "nixpkgs": [
          "nixpkgs"
        ]
      },
      "locked": {
        "lastModified": 1755902591,
        "narHash": "sha256-mnPaPH9k6Mbr7O0KzBBdkiDDS88oB5NiFHVSFkCzswU=",
        "owner": "tadfisher",
        "repo": "gradle2nix",
        "rev": "30cfe5889188524223364ee7919d94e83d6ee44a",
        "type": "github"
      },
      "original": {
        "owner": "tadfisher",
        "ref": "v2",
        "repo": "gradle2nix",
        "type": "github"
      }
    },
    "libspatialite": {
      "flake": false,
      "locked": {
        "lastModified": 1733225461,
        "narHash": "sha256-nr3MqDslSLrA2Ite4g1ONxzGPvGe3Kqi+kLzlc5styE=",
        "ref": "refs/tags/5.1.0-cosm4",
        "rev": "a031623bc945e018fadb88b6d9caa301b67929fe",
        "revCount": 1019,
        "type": "git",
        "url": "ssh://gitea@git.tmcl.dev/tristan/libspatialite-git"
      },
      "original": {
        "ref": "refs/tags/5.1.0-cosm4",
        "type": "git",
        "url": "ssh://gitea@git.tmcl.dev/tristan/libspatialite-git"
      }
    },
    "nixpkgs": {
      "locked": {
        "lastModified": 1756787288,
        "narHash": "sha256-rw/PHa1cqiePdBxhF66V7R+WAP8WekQ0mCDG4CFqT8Y=",
        "owner": "NixOS",
        "repo": "nixpkgs",
        "rev": "d0fc30899600b9b3466ddb260fd83deb486c32f1",
        "type": "github"
      },
      "original": {
        "owner": "NixOS",
        "ref": "nixos-unstable",
        "repo": "nixpkgs",
        "type": "github"
      }
    },
    "root": {
      "inputs": {
        "android": "android",
        "flake-utils": "flake-utils_2",
        "gradle2nix": "gradle2nix",
        "libspatialite": "libspatialite",
        "nixpkgs": "nixpkgs",
        "servant-foreign": "servant-foreign"
      }
    },
    "servant-foreign": {
      "flake": false,
      "locked": {
        "lastModified": 1735691230,
        "narHash": "sha256-70y8QFTTUelK5g8D8G4jLd88fGwRab/OMeMBj548nuw=",
        "path": "/home/tristan/src/signs-alt/tmp/servant/servant-foreign",
        "type": "path"
      },
      "original": {
        "path": "/home/tristan/src/signs-alt/tmp/servant/servant-foreign",
        "type": "path"
      }
    },
    "systems": {
      "locked": {
        "lastModified": 1681028828,
        "narHash": "sha256-Vy1rq5AaRuLzOxct8nz4T6wlgyUR7zLU309k9mBC768=",
        "owner": "nix-systems",
        "repo": "default",
        "rev": "da67096a3b9bf56a91d16901293e51ba5b49a27e",
        "type": "github"
      },
      "original": {
        "owner": "nix-systems",
        "repo": "default",
        "type": "github"
      }
    },
    "systems_2": {
      "locked": {
        "lastModified": 1681028828,
        "narHash": "sha256-Vy1rq5AaRuLzOxct8nz4T6wlgyUR7zLU309k9mBC768=",
        "owner": "nix-systems",
        "repo": "default",
        "rev": "da67096a3b9bf56a91d16901293e51ba5b49a27e",
        "type": "github"
      },
      "original": {
        "owner": "nix-systems",
        "repo": "default",
        "type": "github"
      }
    },
    "systems_3": {
      "locked": {
        "lastModified": 1681028828,
        "narHash": "sha256-Vy1rq5AaRuLzOxct8nz4T6wlgyUR7zLU309k9mBC768=",
        "owner": "nix-systems",
        "repo": "default",
        "rev": "da67096a3b9bf56a91d16901293e51ba5b49a27e",
        "type": "github"
      },
      "original": {
        "owner": "nix-systems",
        "repo": "default",
        "type": "github"
      }
    }
  },
  "root": "root",
  "version": 7
}
